
Microsoft Visual Studio Solution File, Format Version 12.00
# Visual Studio Version 17
VisualStudioVersion = 17.6.33723.286
MinimumVisualStudioVersion = 10.0.40219.1
Project("{FAE04EC0-301F-11D3-BF4B-00C04F79EFBC}") = "String_and_datetime", "String_and_datetime\String_and_datetime.csproj", "{8D3AAD47-7028-414B-939B-481709468EDC}"
EndProject
Global
	GlobalSection(SolutionConfigurationPlatforms) = preSolution
		Debug|Any CPU = Debug|Any CPU
		Release|Any CPU = Release|Any CPU
	EndGlobalSection
	GlobalSection(ProjectConfigurationPlatforms) = postSolution
		{8D3AAD47-7028-414B-939B-481709468EDC}.Debug|Any CPU.ActiveCfg = Debug|Any CPU
		{8D3AAD47-7028-414B-939B-481709468EDC}.Debug|Any CPU.Build.0 = Debug|Any CPU
		{8D3AAD47-7028-414B-939B-481709468EDC}.Release|Any CPU.ActiveCfg = Release|Any CPU
		{8D3AAD47-7028-414B-939B-481709468EDC}.Release|Any CPU.Build.0 = Release|Any CPU
	EndGlobalSection
	GlobalSection(SolutionProperties) = preSolution
		HideSolutionNode = FALSE
	EndGlobalSection
	GlobalSection(ExtensibilityGlobals) = postSolution
		SolutionGuid = {A28E14C9-545E-4ABC-93BF-8891636C6C2E}
	EndGlobalSection
EndGlobal
