
Microsoft Visual Studio Solution File, Format Version 12.00
# Visual Studio Version 17
VisualStudioVersion = 17.6.33723.286
MinimumVisualStudioVersion = 10.0.40219.1
Project("{FAE04EC0-301F-11D3-BF4B-00C04F79EFBC}") = "DatabaseTest", "DatabaseTest\DatabaseTest.csproj", "{A3F3CF8A-B2A7-48FB-9617-D0DED11A0A0B}"
EndProject
Global
	GlobalSection(SolutionConfigurationPlatforms) = preSolution
		Debug|Any CPU = Debug|Any CPU
		Release|Any CPU = Release|Any CPU
	EndGlobalSection
	GlobalSection(ProjectConfigurationPlatforms) = postSolution
		{A3F3CF8A-B2A7-48FB-9617-D0DED11A0A0B}.Debug|Any CPU.ActiveCfg = Debug|Any CPU
		{A3F3CF8A-B2A7-48FB-9617-D0DED11A0A0B}.Debug|Any CPU.Build.0 = Debug|Any CPU
		{A3F3CF8A-B2A7-48FB-9617-D0DED11A0A0B}.Release|Any CPU.ActiveCfg = Release|Any CPU
		{A3F3CF8A-B2A7-48FB-9617-D0DED11A0A0B}.Release|Any CPU.Build.0 = Release|Any CPU
	EndGlobalSection
	GlobalSection(SolutionProperties) = preSolution
		HideSolutionNode = FALSE
	EndGlobalSection
	GlobalSection(ExtensibilityGlobals) = postSolution
		SolutionGuid = {E7B1952B-A44B-455C-A75A-4D4AEEC843F4}
	EndGlobalSection
EndGlobal
