
Microsoft Visual Studio Solution File, Format Version 12.00
# Visual Studio Version 17
VisualStudioVersion = 17.6.33723.286
MinimumVisualStudioVersion = 10.0.40219.1
Project("{FAE04EC0-301F-11D3-BF4B-00C04F79EFBC}") = "datetime", "datetime\datetime.csproj", "{2185B009-FBD3-477D-BDC2-8929183744D2}"
EndProject
Global
	GlobalSection(SolutionConfigurationPlatforms) = preSolution
		Debug|Any CPU = Debug|Any CPU
		Release|Any CPU = Release|Any CPU
	EndGlobalSection
	GlobalSection(ProjectConfigurationPlatforms) = postSolution
		{2185B009-FBD3-477D-BDC2-8929183744D2}.Debug|Any CPU.ActiveCfg = Debug|Any CPU
		{2185B009-FBD3-477D-BDC2-8929183744D2}.Debug|Any CPU.Build.0 = Debug|Any CPU
		{2185B009-FBD3-477D-BDC2-8929183744D2}.Release|Any CPU.ActiveCfg = Release|Any CPU
		{2185B009-FBD3-477D-BDC2-8929183744D2}.Release|Any CPU.Build.0 = Release|Any CPU
	EndGlobalSection
	GlobalSection(SolutionProperties) = preSolution
		HideSolutionNode = FALSE
	EndGlobalSection
	GlobalSection(ExtensibilityGlobals) = postSolution
		SolutionGuid = {0FD6B68D-975A-4E3A-AAEC-E2DB8AD2FCC8}
	EndGlobalSection
EndGlobal
