
Microsoft Visual Studio Solution File, Format Version 12.00
# Visual Studio Version 17
VisualStudioVersion = 17.6.33723.286
MinimumVisualStudioVersion = 10.0.40219.1
Project("{FAE04EC0-301F-11D3-BF4B-00C04F79EFBC}") = "Employee.App", "Employee.App\Employee.App.csproj", "{231AA920-BCE0-46CB-87D5-D678AAF58CBC}"
EndProject
Global
	GlobalSection(SolutionConfigurationPlatforms) = preSolution
		Debug|Any CPU = Debug|Any CPU
		Release|Any CPU = Release|Any CPU
	EndGlobalSection
	GlobalSection(ProjectConfigurationPlatforms) = postSolution
		{231AA920-BCE0-46CB-87D5-D678AAF58CBC}.Debug|Any CPU.ActiveCfg = Debug|Any CPU
		{231AA920-BCE0-46CB-87D5-D678AAF58CBC}.Debug|Any CPU.Build.0 = Debug|Any CPU
		{231AA920-BCE0-46CB-87D5-D678AAF58CBC}.Release|Any CPU.ActiveCfg = Release|Any CPU
		{231AA920-BCE0-46CB-87D5-D678AAF58CBC}.Release|Any CPU.Build.0 = Release|Any CPU
	EndGlobalSection
	GlobalSection(SolutionProperties) = preSolution
		HideSolutionNode = FALSE
	EndGlobalSection
	GlobalSection(ExtensibilityGlobals) = postSolution
		SolutionGuid = {4A2A5CBF-9D4C-45E8-85FE-FA57EB38C334}
	EndGlobalSection
EndGlobal
