
Microsoft Visual Studio Solution File, Format Version 12.00
# Visual Studio Version 17
VisualStudioVersion = 17.6.33723.286
MinimumVisualStudioVersion = 10.0.40219.1
Project("{FAE04EC0-301F-11D3-BF4B-00C04F79EFBC}") = "EmployeeApp", "EmployeeApp\EmployeeApp.csproj", "{5AE51631-2B79-4B24-8989-B5F09A15E2F2}"
EndProject
Project("{FAE04EC0-301F-11D3-BF4B-00C04F79EFBC}") = "EmployeeModel", "EmployeeModel\EmployeeModel.csproj", "{CA1B273A-971F-4459-846F-2A908D52A27B}"
EndProject
Global
	GlobalSection(SolutionConfigurationPlatforms) = preSolution
		Debug|Any CPU = Debug|Any CPU
		Release|Any CPU = Release|Any CPU
	EndGlobalSection
	GlobalSection(ProjectConfigurationPlatforms) = postSolution
		{5AE51631-2B79-4B24-8989-B5F09A15E2F2}.Debug|Any CPU.ActiveCfg = Debug|Any CPU
		{5AE51631-2B79-4B24-8989-B5F09A15E2F2}.Debug|Any CPU.Build.0 = Debug|Any CPU
		{5AE51631-2B79-4B24-8989-B5F09A15E2F2}.Release|Any CPU.ActiveCfg = Release|Any CPU
		{5AE51631-2B79-4B24-8989-B5F09A15E2F2}.Release|Any CPU.Build.0 = Release|Any CPU
		{CA1B273A-971F-4459-846F-2A908D52A27B}.Debug|Any CPU.ActiveCfg = Debug|Any CPU
		{CA1B273A-971F-4459-846F-2A908D52A27B}.Debug|Any CPU.Build.0 = Debug|Any CPU
		{CA1B273A-971F-4459-846F-2A908D52A27B}.Release|Any CPU.ActiveCfg = Release|Any CPU
		{CA1B273A-971F-4459-846F-2A908D52A27B}.Release|Any CPU.Build.0 = Release|Any CPU
	EndGlobalSection
	GlobalSection(SolutionProperties) = preSolution
		HideSolutionNode = FALSE
	EndGlobalSection
	GlobalSection(ExtensibilityGlobals) = postSolution
		SolutionGuid = {09A4972D-F762-4EF9-BB68-6B2552A8FC80}
	EndGlobalSection
EndGlobal
