
Microsoft Visual Studio Solution File, Format Version 12.00
# Visual Studio Version 17
VisualStudioVersion = 17.6.33723.286
MinimumVisualStudioVersion = 10.0.40219.1
Project("{FAE04EC0-301F-11D3-BF4B-00C04F79EFBC}") = "Employee.App", "Employee.App\Employee.App.csproj", "{9437B7C2-B273-4AE4-9A40-89A7AEFFD654}"
EndProject
Global
	GlobalSection(SolutionConfigurationPlatforms) = preSolution
		Debug|Any CPU = Debug|Any CPU
		Release|Any CPU = Release|Any CPU
	EndGlobalSection
	GlobalSection(ProjectConfigurationPlatforms) = postSolution
		{9437B7C2-B273-4AE4-9A40-89A7AEFFD654}.Debug|Any CPU.ActiveCfg = Debug|Any CPU
		{9437B7C2-B273-4AE4-9A40-89A7AEFFD654}.Debug|Any CPU.Build.0 = Debug|Any CPU
		{9437B7C2-B273-4AE4-9A40-89A7AEFFD654}.Release|Any CPU.ActiveCfg = Release|Any CPU
		{9437B7C2-B273-4AE4-9A40-89A7AEFFD654}.Release|Any CPU.Build.0 = Release|Any CPU
	EndGlobalSection
	GlobalSection(SolutionProperties) = preSolution
		HideSolutionNode = FALSE
	EndGlobalSection
	GlobalSection(ExtensibilityGlobals) = postSolution
		SolutionGuid = {42A7D2EB-A3E6-457B-942B-A97F8C1149B2}
	EndGlobalSection
EndGlobal
