
Microsoft Visual Studio Solution File, Format Version 12.00
# Visual Studio Version 17
VisualStudioVersion = 17.6.33723.286
MinimumVisualStudioVersion = 10.0.40219.1
Project("{FAE04EC0-301F-11D3-BF4B-00C04F79EFBC}") = "ListExample", "ListExample\ListExample.csproj", "{CDD59199-09BE-47D4-8BC3-DA594CCF2880}"
EndProject
Global
	GlobalSection(SolutionConfigurationPlatforms) = preSolution
		Debug|Any CPU = Debug|Any CPU
		Release|Any CPU = Release|Any CPU
	EndGlobalSection
	GlobalSection(ProjectConfigurationPlatforms) = postSolution
		{CDD59199-09BE-47D4-8BC3-DA594CCF2880}.Debug|Any CPU.ActiveCfg = Debug|Any CPU
		{CDD59199-09BE-47D4-8BC3-DA594CCF2880}.Debug|Any CPU.Build.0 = Debug|Any CPU
		{CDD59199-09BE-47D4-8BC3-DA594CCF2880}.Release|Any CPU.ActiveCfg = Release|Any CPU
		{CDD59199-09BE-47D4-8BC3-DA594CCF2880}.Release|Any CPU.Build.0 = Release|Any CPU
	EndGlobalSection
	GlobalSection(SolutionProperties) = preSolution
		HideSolutionNode = FALSE
	EndGlobalSection
	GlobalSection(ExtensibilityGlobals) = postSolution
		SolutionGuid = {839B2754-6878-4F4C-91B4-C082D19EB326}
	EndGlobalSection
EndGlobal
