
Microsoft Visual Studio Solution File, Format Version 12.00
# Visual Studio Version 17
VisualStudioVersion = 17.6.33723.286
MinimumVisualStudioVersion = 10.0.40219.1
Project("{9A19103F-16F7-4668-BE54-9A1E7A4F7556}") = "HotelManagement", "HotelManagement\HotelManagement.csproj", "{25555AD2-0707-48AE-AB3E-2DEC6D2BD74A}"
EndProject
Project("{9A19103F-16F7-4668-BE54-9A1E7A4F7556}") = "HotelManagement.Model", "HotelManagement.Model\HotelManagement.Model.csproj", "{C749BDC0-5AE7-4FA6-9ADB-C006409AE74C}"
EndProject
Project("{FAE04EC0-301F-11D3-BF4B-00C04F79EFBC}") = "HotelManagement.Repo", "HotelManagement.Repo\HotelManagement.Repo.csproj", "{56DB6966-9100-4BFC-A2A7-269F826A5DC5}"
EndProject
Global
	GlobalSection(SolutionConfigurationPlatforms) = preSolution
		Debug|Any CPU = Debug|Any CPU
		Release|Any CPU = Release|Any CPU
	EndGlobalSection
	GlobalSection(ProjectConfigurationPlatforms) = postSolution
		{25555AD2-0707-48AE-AB3E-2DEC6D2BD74A}.Debug|Any CPU.ActiveCfg = Debug|Any CPU
		{25555AD2-0707-48AE-AB3E-2DEC6D2BD74A}.Debug|Any CPU.Build.0 = Debug|Any CPU
		{25555AD2-0707-48AE-AB3E-2DEC6D2BD74A}.Release|Any CPU.ActiveCfg = Release|Any CPU
		{25555AD2-0707-48AE-AB3E-2DEC6D2BD74A}.Release|Any CPU.Build.0 = Release|Any CPU
		{C749BDC0-5AE7-4FA6-9ADB-C006409AE74C}.Debug|Any CPU.ActiveCfg = Debug|Any CPU
		{C749BDC0-5AE7-4FA6-9ADB-C006409AE74C}.Debug|Any CPU.Build.0 = Debug|Any CPU
		{C749BDC0-5AE7-4FA6-9ADB-C006409AE74C}.Release|Any CPU.ActiveCfg = Release|Any CPU
		{C749BDC0-5AE7-4FA6-9ADB-C006409AE74C}.Release|Any CPU.Build.0 = Release|Any CPU
		{56DB6966-9100-4BFC-A2A7-269F826A5DC5}.Debug|Any CPU.ActiveCfg = Debug|Any CPU
		{56DB6966-9100-4BFC-A2A7-269F826A5DC5}.Debug|Any CPU.Build.0 = Debug|Any CPU
		{56DB6966-9100-4BFC-A2A7-269F826A5DC5}.Release|Any CPU.ActiveCfg = Release|Any CPU
		{56DB6966-9100-4BFC-A2A7-269F826A5DC5}.Release|Any CPU.Build.0 = Release|Any CPU
	EndGlobalSection
	GlobalSection(SolutionProperties) = preSolution
		HideSolutionNode = FALSE
	EndGlobalSection
	GlobalSection(ExtensibilityGlobals) = postSolution
		SolutionGuid = {FD5659C8-C422-47E0-8E4A-C4B511C44E8B}
	EndGlobalSection
EndGlobal
