
Microsoft Visual Studio Solution File, Format Version 12.00
# Visual Studio Version 17
VisualStudioVersion = 17.6.33723.286
MinimumVisualStudioVersion = 10.0.40219.1
Project("{FAE04EC0-301F-11D3-BF4B-00C04F79EFBC}") = "Employee.Model", "Employee.Model\Employee.Model.csproj", "{0D576E95-D8B4-476E-B981-1C9CFC4C8BA7}"
EndProject
Global
	GlobalSection(SolutionConfigurationPlatforms) = preSolution
		Debug|Any CPU = Debug|Any CPU
		Release|Any CPU = Release|Any CPU
	EndGlobalSection
	GlobalSection(ProjectConfigurationPlatforms) = postSolution
		{0D576E95-D8B4-476E-B981-1C9CFC4C8BA7}.Debug|Any CPU.ActiveCfg = Debug|Any CPU
		{0D576E95-D8B4-476E-B981-1C9CFC4C8BA7}.Debug|Any CPU.Build.0 = Debug|Any CPU
		{0D576E95-D8B4-476E-B981-1C9CFC4C8BA7}.Release|Any CPU.ActiveCfg = Release|Any CPU
		{0D576E95-D8B4-476E-B981-1C9CFC4C8BA7}.Release|Any CPU.Build.0 = Release|Any CPU
	EndGlobalSection
	GlobalSection(SolutionProperties) = preSolution
		HideSolutionNode = FALSE
	EndGlobalSection
	GlobalSection(ExtensibilityGlobals) = postSolution
		SolutionGuid = {D1DDE634-0A0F-443F-9AC7-51AE627F2A5F}
	EndGlobalSection
EndGlobal
